
Microsoft Visual Studio Solution File, Format Version 12.00
# Visual Studio Version 17
VisualStudioVersion = 17.2.32505.173
MinimumVisualStudioVersion = 10.0.40219.1
Project("{9A19103F-16F7-4668-BE54-9A1E7A4F7556}") = "Runner", "Runner\Runner.csproj", "{D06B357D-5C1E-4CB5-AF20-1893DA232B3A}"
EndProject
Project("{9A19103F-16F7-4668-BE54-9A1E7A4F7556}") = "Coordinator", "Coordinator\Coordinator.csproj", "{5B1C815F-46C0-48D1-8418-6DFF88573356}"
EndProject
Project("{9A19103F-16F7-4668-BE54-9A1E7A4F7556}") = "TestReport", "TestReport\TestReport.csproj", "{EE70ABEB-9ED5-43D1-9718-F6CBDEB48DC4}"
EndProject
Project("{9A19103F-16F7-4668-BE54-9A1E7A4F7556}") = "TestAppData", "TestAppData\TestAppData.csproj", "{C8A7051D-9186-4965-A386-E91CF7A41267}"
EndProject
Project("{9A19103F-16F7-4668-BE54-9A1E7A4F7556}") = "Infrastructure", "Infrastructure\Infrastructure.csproj", "{18BBB3A7-FD11-48A4-917E-A23140F2DB7F}"
EndProject
Project("{9A19103F-16F7-4668-BE54-9A1E7A4F7556}") = "Domain", "Domain\Domain.csproj", "{6FD727A5-131B-437B-A9D2-E1B386D66AF9}"
EndProject
Project("{9A19103F-16F7-4668-BE54-9A1E7A4F7556}") = "Application", "Application\Application.csproj", "{AF8A1681-24B6-4797-A1F7-0FE2B7E8B9E7}"
EndProject
Project("{9A19103F-16F7-4668-BE54-9A1E7A4F7556}") = "Persistence", "Persistence\Persistence.csproj", "{A471FADF-5EEC-4954-AB80-58408E7973ED}"
EndProject
Global
	GlobalSection(SolutionConfigurationPlatforms) = preSolution
		Debug|Any CPU = Debug|Any CPU
		Release|Any CPU = Release|Any CPU
	EndGlobalSection
	GlobalSection(ProjectConfigurationPlatforms) = postSolution
		{D06B357D-5C1E-4CB5-AF20-1893DA232B3A}.Debug|Any CPU.ActiveCfg = Debug|Any CPU
		{D06B357D-5C1E-4CB5-AF20-1893DA232B3A}.Debug|Any CPU.Build.0 = Debug|Any CPU
		{D06B357D-5C1E-4CB5-AF20-1893DA232B3A}.Release|Any CPU.ActiveCfg = Release|Any CPU
		{D06B357D-5C1E-4CB5-AF20-1893DA232B3A}.Release|Any CPU.Build.0 = Release|Any CPU
		{5B1C815F-46C0-48D1-8418-6DFF88573356}.Debug|Any CPU.ActiveCfg = Debug|Any CPU
		{5B1C815F-46C0-48D1-8418-6DFF88573356}.Debug|Any CPU.Build.0 = Debug|Any CPU
		{5B1C815F-46C0-48D1-8418-6DFF88573356}.Release|Any CPU.ActiveCfg = Release|Any CPU
		{5B1C815F-46C0-48D1-8418-6DFF88573356}.Release|Any CPU.Build.0 = Release|Any CPU
		{EE70ABEB-9ED5-43D1-9718-F6CBDEB48DC4}.Debug|Any CPU.ActiveCfg = Debug|Any CPU
		{EE70ABEB-9ED5-43D1-9718-F6CBDEB48DC4}.Debug|Any CPU.Build.0 = Debug|Any CPU
		{EE70ABEB-9ED5-43D1-9718-F6CBDEB48DC4}.Release|Any CPU.ActiveCfg = Release|Any CPU
		{EE70ABEB-9ED5-43D1-9718-F6CBDEB48DC4}.Release|Any CPU.Build.0 = Release|Any CPU
		{C8A7051D-9186-4965-A386-E91CF7A41267}.Debug|Any CPU.ActiveCfg = Debug|Any CPU
		{C8A7051D-9186-4965-A386-E91CF7A41267}.Debug|Any CPU.Build.0 = Debug|Any CPU
		{C8A7051D-9186-4965-A386-E91CF7A41267}.Release|Any CPU.ActiveCfg = Release|Any CPU
		{C8A7051D-9186-4965-A386-E91CF7A41267}.Release|Any CPU.Build.0 = Release|Any CPU
		{18BBB3A7-FD11-48A4-917E-A23140F2DB7F}.Debug|Any CPU.ActiveCfg = Debug|Any CPU
		{18BBB3A7-FD11-48A4-917E-A23140F2DB7F}.Debug|Any CPU.Build.0 = Debug|Any CPU
		{18BBB3A7-FD11-48A4-917E-A23140F2DB7F}.Release|Any CPU.ActiveCfg = Release|Any CPU
		{18BBB3A7-FD11-48A4-917E-A23140F2DB7F}.Release|Any CPU.Build.0 = Release|Any CPU
		{6FD727A5-131B-437B-A9D2-E1B386D66AF9}.Debug|Any CPU.ActiveCfg = Debug|Any CPU
		{6FD727A5-131B-437B-A9D2-E1B386D66AF9}.Debug|Any CPU.Build.0 = Debug|Any CPU
		{6FD727A5-131B-437B-A9D2-E1B386D66AF9}.Release|Any CPU.ActiveCfg = Release|Any CPU
		{6FD727A5-131B-437B-A9D2-E1B386D66AF9}.Release|Any CPU.Build.0 = Release|Any CPU
		{AF8A1681-24B6-4797-A1F7-0FE2B7E8B9E7}.Debug|Any CPU.ActiveCfg = Debug|Any CPU
		{AF8A1681-24B6-4797-A1F7-0FE2B7E8B9E7}.Debug|Any CPU.Build.0 = Debug|Any CPU
		{AF8A1681-24B6-4797-A1F7-0FE2B7E8B9E7}.Release|Any CPU.ActiveCfg = Release|Any CPU
		{AF8A1681-24B6-4797-A1F7-0FE2B7E8B9E7}.Release|Any CPU.Build.0 = Release|Any CPU
		{A471FADF-5EEC-4954-AB80-58408E7973ED}.Debug|Any CPU.ActiveCfg = Debug|Any CPU
		{A471FADF-5EEC-4954-AB80-58408E7973ED}.Debug|Any CPU.Build.0 = Debug|Any CPU
		{A471FADF-5EEC-4954-AB80-58408E7973ED}.Release|Any CPU.ActiveCfg = Release|Any CPU
		{A471FADF-5EEC-4954-AB80-58408E7973ED}.Release|Any CPU.Build.0 = Release|Any CPU
	EndGlobalSection
	GlobalSection(SolutionProperties) = preSolution
		HideSolutionNode = FALSE
	EndGlobalSection
	GlobalSection(ExtensibilityGlobals) = postSolution
		SolutionGuid = {DE341D08-B4DA-4F64-B9B7-27B9512C1B20}
	EndGlobalSection
EndGlobal
